PODS:
  - Ads-CN (3.4.2.8):
    - Ads-CN/BUAdSDK (= 3.4.2.8)
  - Ads-CN/BUAdSDK (3.4.2.8):
    - Ads-CN/BUFoundation
    - Ads-CN/Domestic
  - Ads-CN/BUFoundation (3.4.2.8)
  - Ads-CN/Domestic (3.4.2.8)
  - Flutter (1.0.0)
  - pangolin (0.0.1):
    - Ads-CN
    - Flutter
  - "permission_handler (5.1.0+2)":
    - Flutter

DEPENDENCIES:
  - Flutter (from `Flutter`)
  - pangolin (from `.symlinks/plugins/pangolin/ios`)
  - permission_handler (from `.symlinks/plugins/permission_handler/ios`)

SPEC REPOS:
  trunk:
    - Ads-CN

EXTERNAL SOURCES:
  Flutter:
    :path: Flutter
  pangolin:
    :path: ".symlinks/plugins/pangolin/ios"
  permission_handler:
    :path: ".symlinks/plugins/permission_handler/ios"

SPEC CHECKSUMS:
  Ads-CN: 45ac8b4ff07d3be5b4bd6aa734e711e9dc9c3efa
  Flutter: 0e3d915762c693b495b44d77113d4970485de6ec
  pangolin: 7fef1dfc1b05d573c5bd6a394a6ebe2b8b568fcf
  permission_handler: ccb20a9fad0ee9b1314a52b70b76b473c5f8dab0

PODFILE CHECKSUM: 8e679eca47255a8ca8067c4c67aab20e64cb974d

COCOAPODS: 1.9.3
